
Microsoft Visual Studio Solution File, Format Version 12.00
# Visual Studio 15
VisualStudioVersion = 15.0.28307.705
MinimumVisualStudioVersion = 10.0.40219.1
Project("{FAE04EC0-301F-11D3-BF4B-00C04F79EFBC}") = "CoreSeminerWeb", "CoreSeminerWeb\CoreSeminerWeb.csproj", "{2CDE8C86-22F6-4123-8091-BFB313609178}"
EndProject
Global
	GlobalSection(SolutionConfigurationPlatforms) = preSolution
		Debug|Any CPU = Debug|Any CPU
		Release|Any CPU = Release|Any CPU
	EndGlobalSection
	GlobalSection(ProjectConfigurationPlatforms) = postSolution
		{2CDE8C86-22F6-4123-8091-BFB313609178}.Debug|Any CPU.ActiveCfg = Debug|Any CPU
		{2CDE8C86-22F6-4123-8091-BFB313609178}.Debug|Any CPU.Build.0 = Debug|Any CPU
		{2CDE8C86-22F6-4123-8091-BFB313609178}.Release|Any CPU.ActiveCfg = Release|Any CPU
		{2CDE8C86-22F6-4123-8091-BFB313609178}.Release|Any CPU.Build.0 = Release|Any CPU
	EndGlobalSection
	GlobalSection(SolutionProperties) = preSolution
		HideSolutionNode = FALSE
	EndGlobalSection
	GlobalSection(ExtensibilityGlobals) = postSolution
		SolutionGuid = {3D0FE490-D1E3-48E0-80E2-D1BA1F87F3EB}
	EndGlobalSection
EndGlobal
